{
  "name": "UniswapV2-vyper",
  "lockfileVersion": 2,
  "requires": true,
  "packages": {
    "": {
      "dependencies": {
        "@openzeppelin/contracts": "^4.6.0",
        "@rari-capital/solmate": "^6.4.0",
        "@uniswap/v2-core": "^1.0.1"
      }
    },
    "node_modules/@openzeppelin/contracts": {
      "version": "4.6.0",
      "resolved": "https://registry.npmjs.org/@openzeppelin/contracts/-/contracts-4.6.0.tgz",
      "integrity": "sha512-8vi4d50NNya/bQqCmaVzvHNmwHvS0OBKb7HNtuNwEE3scXWrP31fKQoGxNMT+KbzmrNZzatE3QK5p2gFONI/hg=="
    },
    "node_modules/@rari-capital/solmate": {
      "version": "6.4.0",
      "resolved": "https://registry.npmjs.org/@rari-capital/solmate/-/solmate-6.4.0.tgz",
      "integrity": "sha512-BXWIHHbG5Zbgrxi0qVYe0Zs+bfx+XgOciVUACjuIApV0KzC0kY8XdO1higusIei/ZKCC+GUKdcdQZflxYPUTKQ=="
    },
    "node_modules/@uniswap/v2-core": {
      "version": "1.0.1",
      "resolved": "https://registry.npmjs.org/@uniswap/v2-core/-/v2-core-1.0.1.tgz",
      "integrity": "sha512-MtybtkUPSyysqLY2U210NBDeCHX+ltHt3oADGdjqoThZaFRDKwM6k1Nb3F0A3hk5hwuQvytFWhrWHOEq6nVJ8Q==",
      "engines": {
        "node": ">=10"
      }
    }
  },
  "dependencies": {
    "@openzeppelin/contracts": {
      "version": "4.6.0",
      "resolved": "https://registry.npmjs.org/@openzeppelin/contracts/-/contracts-4.6.0.tgz",
      "integrity": "sha512-8vi4d50NNya/bQqCmaVzvHNmwHvS0OBKb7HNtuNwEE3scXWrP31fKQoGxNMT+KbzmrNZzatE3QK5p2gFONI/hg=="
    },
    "@rari-capital/solmate": {
      "version": "6.4.0",
      "resolved": "https://registry.npmjs.org/@rari-capital/solmate/-/solmate-6.4.0.tgz",
      "integrity": "sha512-BXWIHHbG5Zbgrxi0qVYe0Zs+bfx+XgOciVUACjuIApV0KzC0kY8XdO1higusIei/ZKCC+GUKdcdQZflxYPUTKQ=="
    },
    "@uniswap/v2-core": {
      "version": "1.0.1",
      "resolved": "https://registry.npmjs.org/@uniswap/v2-core/-/v2-core-1.0.1.tgz",
      "integrity": "sha512-MtybtkUPSyysqLY2U210NBDeCHX+ltHt3oADGdjqoThZaFRDKwM6k1Nb3F0A3hk5hwuQvytFWhrWHOEq6nVJ8Q=="
    }
  }
}
